// !$*UTF8*$!
{
	archiveVersion = 1;
	classes = {
	};
	objectVersion = 46;
	objects = {

/* Begin PBXBuildFile section */
		9196F29948D0876F61AD4C11 /* Pods_miniTopgun.framework in Frameworks */ = {isa = PBXBuildFile; fileRef = 1C8E4FE1245F2B127B4323FD /* Pods_miniTopgun.framework */; };
		A90E42241F264C1300D99426 /* SkillOtherCell.swift in Sources */ = {isa = PBXBuildFile; fileRef = A90E42231F264C1300D99426 /* SkillOtherCell.swift */; };
		A90E42261F264D9A00D99426 /* ReuseIdentifierProtocol.swift in Sources */ = {isa = PBXBuildFile; fileRef = A90E42251F264D9A00D99426 /* ReuseIdentifierProtocol.swift */; };
		A90E422F1F2657CE00D99426 /* ShowSkillOtherInteractor.swift in Sources */ = {isa = PBXBuildFile; fileRef = A90E42291F2657CE00D99426 /* ShowSkillOtherInteractor.swift */; };
		A90E42301F2657CE00D99426 /* ShowSkillOtherModels.swift in Sources */ = {isa = PBXBuildFile; fileRef = A90E422A1F2657CE00D99426 /* ShowSkillOtherModels.swift */; };
		A90E42311F2657CE00D99426 /* ShowSkillOtherPresenter.swift in Sources */ = {isa = PBXBuildFile; fileRef = A90E422B1F2657CE00D99426 /* ShowSkillOtherPresenter.swift */; };
		A90E42321F2657CE00D99426 /* ShowSkillOtherRouter.swift in Sources */ = {isa = PBXBuildFile; fileRef = A90E422C1F2657CE00D99426 /* ShowSkillOtherRouter.swift */; };
		A90E42331F2657CE00D99426 /* ShowSkillOtherViewController.swift in Sources */ = {isa = PBXBuildFile; fileRef = A90E422D1F2657CE00D99426 /* ShowSkillOtherViewController.swift */; };
		A90E42341F2657CE00D99426 /* ShowSkillOtherWorker.swift in Sources */ = {isa = PBXBuildFile; fileRef = A90E422E1F2657CE00D99426 /* ShowSkillOtherWorker.swift */; };
		A94D4EB41F26373100807A58 /* AlamofireRouter.swift in Sources */ = {isa = PBXBuildFile; fileRef = A94D4EB31F26373100807A58 /* AlamofireRouter.swift */; };
		A94D4EB61F263A7A00807A58 /* AlamofireRounterMethod.swift in Sources */ = {isa = PBXBuildFile; fileRef = A94D4EB51F263A7A00807A58 /* AlamofireRounterMethod.swift */; };
		A94D4EB81F263A9100807A58 /* AlamofireRounterParameter.swift in Sources */ = {isa = PBXBuildFile; fileRef = A94D4EB71F263A9100807A58 /* AlamofireRounterParameter.swift */; };
		A94D4EBA1F263AAB00807A58 /* AlamofireRouterURLRequest.swift in Sources */ = {isa = PBXBuildFile; fileRef = A94D4EB91F263AAB00807A58 /* AlamofireRouterURLRequest.swift */; };
		A94D4EBC1F263B0500807A58 /* AlamofireRouterPath.swift in Sources */ = {isa = PBXBuildFile; fileRef = A94D4EBB1F263B0500807A58 /* AlamofireRouterPath.swift */; };
		D200C98E1F25FECD0097F0A9 /* AppDelegate.swift in Sources */ = {isa = PBXBuildFile; fileRef = D200C98D1F25FECD0097F0A9 /* AppDelegate.swift */; };
		D200C9901F25FECD0097F0A9 /* ViewController.swift in Sources */ = {isa = PBXBuildFile; fileRef = D200C98F1F25FECD0097F0A9 /* ViewController.swift */; };
		D200C9931F25FECD0097F0A9 /* Main.storyboard in Resources */ = {isa = PBXBuildFile; fileRef = D200C9911F25FECD0097F0A9 /* Main.storyboard */; };
		D200C9951F25FECD0097F0A9 /* Assets.xcassets in Resources */ = {isa = PBXBuildFile; fileRef = D200C9941F25FECD0097F0A9 /* Assets.xcassets */; };
		D200C9981F25FECD0097F0A9 /* LaunchScreen.storyboard in Resources */ = {isa = PBXBuildFile; fileRef = D200C9961F25FECD0097F0A9 /* LaunchScreen.storyboard */; };
		D200C9C11F260A8E0097F0A9 /* SkillOtherBase.swift in Sources */ = {isa = PBXBuildFile; fileRef = D200C9B91F260A8E0097F0A9 /* SkillOtherBase.swift */; };
		D200C9C21F260A8E0097F0A9 /* SkillOtherData.swift in Sources */ = {isa = PBXBuildFile; fileRef = D200C9BA1F260A8E0097F0A9 /* SkillOtherData.swift */; };
		D200C9C31F260A8E0097F0A9 /* SkillOtherInteractor.swift in Sources */ = {isa = PBXBuildFile; fileRef = D200C9BB1F260A8E0097F0A9 /* SkillOtherInteractor.swift */; };
		D200C9C41F260A8E0097F0A9 /* SkillOtherModels.swift in Sources */ = {isa = PBXBuildFile; fileRef = D200C9BC1F260A8E0097F0A9 /* SkillOtherModels.swift */; };
		D200C9C51F260A8E0097F0A9 /* SkillOtherPresenter.swift in Sources */ = {isa = PBXBuildFile; fileRef = D200C9BD1F260A8E0097F0A9 /* SkillOtherPresenter.swift */; };
		D200C9C61F260A8E0097F0A9 /* SkillOtherRouter.swift in Sources */ = {isa = PBXBuildFile; fileRef = D200C9BE1F260A8E0097F0A9 /* SkillOtherRouter.swift */; };
		D200C9C71F260A8E0097F0A9 /* SkillOtherViewController.swift in Sources */ = {isa = PBXBuildFile; fileRef = D200C9BF1F260A8E0097F0A9 /* SkillOtherViewController.swift */; };
		D200C9C81F260A8E0097F0A9 /* SkillOtherWorker.swift in Sources */ = {isa = PBXBuildFile; fileRef = D200C9C01F260A8E0097F0A9 /* SkillOtherWorker.swift */; };
/* End PBXBuildFile section */

/* Begin PBXFileReference section */
		03D2263F695C14459C00B5A3 /* Pods-miniTopgun.release.xcconfig */ = {isa = PBXFileReference; includeInIndex = 1; lastKnownFileType = text.xcconfig; name = "Pods-miniTopgun.release.xcconfig"; path = "Pods/Target Support Files/Pods-miniTopgun/Pods-miniTopgun.release.xcconfig"; sourceTree = "<group>"; };
		1C8E4FE1245F2B127B4323FD /* Pods_miniTopgun.framework */ = {isa = PBXFileReference; explicitFileType = wrapper.framework; includeInIndex = 0; path = Pods_miniTopgun.framework; sourceTree = BUILT_PRODUCTS_DIR; };
		7FF46C21D1629536F06B74E6 /* Pods-miniTopgun.debug.xcconfig */ = {isa = PBXFileReference; includeInIndex = 1; lastKnownFileType = text.xcconfig; name = "Pods-miniTopgun.debug.xcconfig"; path = "Pods/Target Support Files/Pods-miniTopgun/Pods-miniTopgun.debug.xcconfig"; sourceTree = "<group>"; };
		A90E42231F264C1300D99426 /* SkillOtherCell.swift */ = {isa = PBXFileReference; fileEncoding = 4; lastKnownFileType = sourcecode.swift; path = SkillOtherCell.swift; sourceTree = "<group>"; };
		A90E42251F264D9A00D99426 /* ReuseIdentifierProtocol.swift */ = {isa = PBXFileReference; fileEncoding = 4; lastKnownFileType = sourcecode.swift; path = ReuseIdentifierProtocol.swift; sourceTree = "<group>"; };
		A90E42291F2657CE00D99426 /* ShowSkillOtherInteractor.swift */ = {isa = PBXFileReference; fileEncoding = 4; lastKnownFileType = sourcecode.swift; path = ShowSkillOtherInteractor.swift; sourceTree = "<group>"; };
		A90E422A1F2657CE00D99426 /* ShowSkillOtherModels.swift */ = {isa = PBXFileReference; fileEncoding = 4; lastKnownFileType = sourcecode.swift; path = ShowSkillOtherModels.swift; sourceTree = "<group>"; };
		A90E422B1F2657CE00D99426 /* ShowSkillOtherPresenter.swift */ = {isa = PBXFileReference; fileEncoding = 4; lastKnownFileType = sourcecode.swift; path = ShowSkillOtherPresenter.swift; sourceTree = "<group>"; };
		A90E422C1F2657CE00D99426 /* ShowSkillOtherRouter.swift */ = {isa = PBXFileReference; fileEncoding = 4; lastKnownFileType = sourcecode.swift; path = ShowSkillOtherRouter.swift; sourceTree = "<group>"; };
		A90E422D1F2657CE00D99426 /* ShowSkillOtherViewController.swift */ = {isa = PBXFileReference; fileEncoding = 4; lastKnownFileType = sourcecode.swift; path = ShowSkillOtherViewController.swift; sourceTree = "<group>"; };
		A90E422E1F2657CE00D99426 /* ShowSkillOtherWorker.swift */ = {isa = PBXFileReference; fileEncoding = 4; lastKnownFileType = sourcecode.swift; path = ShowSkillOtherWorker.swift; sourceTree = "<group>"; };
		A94D4EB31F26373100807A58 /* AlamofireRouter.swift */ = {isa = PBXFileReference; fileEncoding = 4; lastKnownFileType = sourcecode.swift; path = AlamofireRouter.swift; sourceTree = "<group>"; };
		A94D4EB51F263A7A00807A58 /* AlamofireRounterMethod.swift */ = {isa = PBXFileReference; fileEncoding = 4; lastKnownFileType = sourcecode.swift; path = AlamofireRounterMethod.swift; sourceTree = "<group>"; };
		A94D4EB71F263A9100807A58 /* AlamofireRounterParameter.swift */ = {isa = PBXFileReference; fileEncoding = 4; lastKnownFileType = sourcecode.swift; path = AlamofireRounterParameter.swift; sourceTree = "<group>"; };
		A94D4EB91F263AAB00807A58 /* AlamofireRouterURLRequest.swift */ = {isa = PBXFileReference; fileEncoding = 4; lastKnownFileType = sourcecode.swift; path = AlamofireRouterURLRequest.swift; sourceTree = "<group>"; };
		A94D4EBB1F263B0500807A58 /* AlamofireRouterPath.swift */ = {isa = PBXFileReference; fileEncoding = 4; lastKnownFileType = sourcecode.swift; path = AlamofireRouterPath.swift; sourceTree = "<group>"; };
		D200C98A1F25FECD0097F0A9 /* miniTopgun.app */ = {isa = PBXFileReference; explicitFileType = wrapper.application; includeInIndex = 0; path = miniTopgun.app; sourceTree = BUILT_PRODUCTS_DIR; };
		D200C98D1F25FECD0097F0A9 /* AppDelegate.swift */ = {isa = PBXFileReference; lastKnownFileType = sourcecode.swift; path = AppDelegate.swift; sourceTree = "<group>"; };
		D200C98F1F25FECD0097F0A9 /* ViewController.swift */ = {isa = PBXFileReference; lastKnownFileType = sourcecode.swift; path = ViewController.swift; sourceTree = "<group>"; };
		D200C9921F25FECD0097F0A9 /* Base */ = {isa = PBXFileReference; lastKnownFileType = file.storyboard; name = Base; path = Base.lproj/Main.storyboard; sourceTree = "<group>"; };
		D200C9941F25FECD0097F0A9 /* Assets.xcassets */ = {isa = PBXFileReference; lastKnownFileType = folder.assetcatalog; path = Assets.xcassets; sourceTree = "<group>"; };
		D200C9971F25FECD0097F0A9 /* Base */ = {isa = PBXFileReference; lastKnownFileType = file.storyboard; name = Base; path = Base.lproj/LaunchScreen.storyboard; sourceTree = "<group>"; };
		D200C9991F25FECD0097F0A9 /* Info.plist */ = {isa = PBXFileReference; lastKnownFileType = text.plist.xml; path = Info.plist; sourceTree = "<group>"; };
		D200C9B91F260A8E0097F0A9 /* SkillOtherBase.swift */ = {isa = PBXFileReference; fileEncoding = 4; lastKnownFileType = sourcecode.swift; path = SkillOtherBase.swift; sourceTree = "<group>"; };
		D200C9BA1F260A8E0097F0A9 /* SkillOtherData.swift */ = {isa = PBXFileReference; fileEncoding = 4; lastKnownFileType = sourcecode.swift; path = SkillOtherData.swift; sourceTree = "<group>"; };
		D200C9BB1F260A8E0097F0A9 /* SkillOtherInteractor.swift */ = {isa = PBXFileReference; fileEncoding = 4; lastKnownFileType = sourcecode.swift; path = SkillOtherInteractor.swift; sourceTree = "<group>"; };
		D200C9BC1F260A8E0097F0A9 /* SkillOtherModels.swift */ = {isa = PBXFileReference; fileEncoding = 4; lastKnownFileType = sourcecode.swift; path = SkillOtherModels.swift; sourceTree = "<group>"; };
		D200C9BD1F260A8E0097F0A9 /* SkillOtherPresenter.swift */ = {isa = PBXFileReference; fileEncoding = 4; lastKnownFileType = sourcecode.swift; path = SkillOtherPresenter.swift; sourceTree = "<group>"; };
		D200C9BE1F260A8E0097F0A9 /* SkillOtherRouter.swift */ = {isa = PBXFileReference; fileEncoding = 4; lastKnownFileType = sourcecode.swift; path = SkillOtherRouter.swift; sourceTree = "<group>"; };
		D200C9BF1F260A8E0097F0A9 /* SkillOtherViewController.swift */ = {isa = PBXFileReference; fileEncoding = 4; lastKnownFileType = sourcecode.swift; path = SkillOtherViewController.swift; sourceTree = "<group>"; };
		D200C9C01F260A8E0097F0A9 /* SkillOtherWorker.swift */ = {isa = PBXFileReference; fileEncoding = 4; lastKnownFileType = sourcecode.swift; path = SkillOtherWorker.swift; sourceTree = "<group>"; };
/* End PBXFileReference section */

/* Begin PBXFrameworksBuildPhase section */
		D200C9871F25FECD0097F0A9 /* Frameworks */ = {
			isa = PBXFrameworksBuildPhase;
			buildActionMask = 2147483647;
			files = (
				9196F29948D0876F61AD4C11 /* Pods_miniTopgun.framework in Frameworks */,
			);
			runOnlyForDeploymentPostprocessing = 0;
		};
/* End PBXFrameworksBuildPhase section */

/* Begin PBXGroup section */
		046D71D1AFAB509E1A7DEE35 /* Frameworks */ = {
			isa = PBXGroup;
			children = (
				1C8E4FE1245F2B127B4323FD /* Pods_miniTopgun.framework */,
			);
			name = Frameworks;
			sourceTree = "<group>";
		};
		1776B1DE8D2E4916D5589468 /* Pods */ = {
			isa = PBXGroup;
			children = (
				7FF46C21D1629536F06B74E6 /* Pods-miniTopgun.debug.xcconfig */,
				03D2263F695C14459C00B5A3 /* Pods-miniTopgun.release.xcconfig */,
			);
			name = Pods;
			sourceTree = "<group>";
		};
		A90E42211F264BD300D99426 /* SkillOther */ = {
			isa = PBXGroup;
			children = (
				A90E42221F264BE600D99426 /* Cell */,
				D200C9BB1F260A8E0097F0A9 /* SkillOtherInteractor.swift */,
				D200C9BC1F260A8E0097F0A9 /* SkillOtherModels.swift */,
				D200C9BD1F260A8E0097F0A9 /* SkillOtherPresenter.swift */,
				D200C9BE1F260A8E0097F0A9 /* SkillOtherRouter.swift */,
				D200C9BF1F260A8E0097F0A9 /* SkillOtherViewController.swift */,
				D200C9C01F260A8E0097F0A9 /* SkillOtherWorker.swift */,
			);
			name = SkillOther;
			sourceTree = "<group>";
		};
		A90E42221F264BE600D99426 /* Cell */ = {
			isa = PBXGroup;
			children = (
				A90E42231F264C1300D99426 /* SkillOtherCell.swift */,
			);
			name = Cell;
			sourceTree = "<group>";
		};
		A90E42271F264DA100D99426 /* Utils */ = {
			isa = PBXGroup;
			children = (
				A90E42251F264D9A00D99426 /* ReuseIdentifierProtocol.swift */,
			);
			name = Utils;
			sourceTree = "<group>";
		};
		A90E42281F26577F00D99426 /* ShowSkillOther */ = {
			isa = PBXGroup;
			children = (
				A90E42291F2657CE00D99426 /* ShowSkillOtherInteractor.swift */,
				A90E422A1F2657CE00D99426 /* ShowSkillOtherModels.swift */,
				A90E422B1F2657CE00D99426 /* ShowSkillOtherPresenter.swift */,
				A90E422C1F2657CE00D99426 /* ShowSkillOtherRouter.swift */,
				A90E422D1F2657CE00D99426 /* ShowSkillOtherViewController.swift */,
				A90E422E1F2657CE00D99426 /* ShowSkillOtherWorker.swift */,
			);
			name = ShowSkillOther;
			sourceTree = "<group>";
		};
		D200C9811F25FECD0097F0A9 = {
			isa = PBXGroup;
			children = (
				D200C98C1F25FECD0097F0A9 /* miniTopgun */,
				D200C98B1F25FECD0097F0A9 /* Products */,
				1776B1DE8D2E4916D5589468 /* Pods */,
				046D71D1AFAB509E1A7DEE35 /* Frameworks */,
			);
			sourceTree = "<group>";
		};
		D200C98B1F25FECD0097F0A9 /* Products */ = {
			isa = PBXGroup;
			children = (
				D200C98A1F25FECD0097F0A9 /* miniTopgun.app */,
			);
			name = Products;
			sourceTree = "<group>";
		};
		D200C98C1F25FECD0097F0A9 /* miniTopgun */ = {
			isa = PBXGroup;
			children = (
				A90E42271F264DA100D99426 /* Utils */,
				D200C9C91F260AA40097F0A9 /* Models */,
				D200C9CA1F260AAF0097F0A9 /* Services */,
				D200C9CB1F260AB80097F0A9 /* Workers */,
				D200C9CC1F260AC50097F0A9 /* Scenes */,
				D200C98D1F25FECD0097F0A9 /* AppDelegate.swift */,
				D200C98F1F25FECD0097F0A9 /* ViewController.swift */,
				D200C9911F25FECD0097F0A9 /* Main.storyboard */,
				D200C9941F25FECD0097F0A9 /* Assets.xcassets */,
				D200C9961F25FECD0097F0A9 /* LaunchScreen.storyboard */,
				D200C9991F25FECD0097F0A9 /* Info.plist */,
			);
			path = miniTopgun;
			sourceTree = "<group>";
		};
		D200C9C91F260AA40097F0A9 /* Models */ = {
			isa = PBXGroup;
			children = (
				D200C9B91F260A8E0097F0A9 /* SkillOtherBase.swift */,
				D200C9BA1F260A8E0097F0A9 /* SkillOtherData.swift */,
			);
			name = Models;
			sourceTree = "<group>";
		};
		D200C9CA1F260AAF0097F0A9 /* Services */ = {
			isa = PBXGroup;
			children = (
				A94D4EB31F26373100807A58 /* AlamofireRouter.swift */,
				A94D4EB51F263A7A00807A58 /* AlamofireRounterMethod.swift */,
				A94D4EBB1F263B0500807A58 /* AlamofireRouterPath.swift */,
				A94D4EB71F263A9100807A58 /* AlamofireRounterParameter.swift */,
				A94D4EB91F263AAB00807A58 /* AlamofireRouterURLRequest.swift */,
			);
			name = Services;
			sourceTree = "<group>";
		};
		D200C9CB1F260AB80097F0A9 /* Workers */ = {
			isa = PBXGroup;
			children = (
			);
			name = Workers;
			sourceTree = "<group>";
		};
		D200C9CC1F260AC50097F0A9 /* Scenes */ = {
			isa = PBXGroup;
			children = (
				A90E42211F264BD300D99426 /* SkillOther */,
				A90E42281F26577F00D99426 /* ShowSkillOther */,
			);
			name = Scenes;
			sourceTree = "<group>";
		};
/* End PBXGroup section */

/* Begin PBXNativeTarget section */
		D200C9891F25FECD0097F0A9 /* miniTopgun */ = {
			isa = PBXNativeTarget;
			buildConfigurationList = D200C99C1F25FECD0097F0A9 /* Build configuration list for PBXNativeTarget "miniTopgun" */;
			buildPhases = (
				B4C433959A7568A272D105A2 /* [CP] Check Pods Manifest.lock */,
				D200C9861F25FECD0097F0A9 /* Sources */,
				D200C9871F25FECD0097F0A9 /* Frameworks */,
				D200C9881F25FECD0097F0A9 /* Resources */,
				345B2B4636794E190BA3C2A9 /* [CP] Embed Pods Frameworks */,
				9116510929CA5006E3E90DF3 /* [CP] Copy Pods Resources */,
			);
			buildRules = (
			);
			dependencies = (
			);
			name = miniTopgun;
			productName = miniTopgun;
			productReference = D200C98A1F25FECD0097F0A9 /* miniTopgun.app */;
			productType = "com.apple.product-type.application";
		};
/* End PBXNativeTarget section */

/* Begin PBXProject section */
		D200C9821F25FECD0097F0A9 /* Project object */ = {
			isa = PBXProject;
			attributes = {
				LastSwiftUpdateCheck = 0830;
				LastUpgradeCheck = 0830;
				ORGANIZATIONNAME = Izpal;
				TargetAttributes = {
					D200C9891F25FECD0097F0A9 = {
						CreatedOnToolsVersion = 8.3.3;
						ProvisioningStyle = Automatic;
					};
				};
			};
			buildConfigurationList = D200C9851F25FECD0097F0A9 /* Build configuration list for PBXProject "miniTopgun" */;
			compatibilityVersion = "Xcode 3.2";
			developmentRegion = English;
			hasScannedForEncodings = 0;
			knownRegions = (
				en,
				Base,
			);
			mainGroup = D200C9811F25FECD0097F0A9;
			productRefGroup = D200C98B1F25FECD0097F0A9 /* Products */;
			projectDirPath = "";
			projectRoot = "";
			targets = (
				D200C9891F25FECD0097F0A9 /* miniTopgun */,
			);
		};
/* End PBXProject section */

/* Begin PBXResourcesBuildPhase section */
		D200C9881F25FECD0097F0A9 /* Resources */ = {
			isa = PBXResourcesBuildPhase;
			buildActionMask = 2147483647;
			files = (
				D200C9981F25FECD0097F0A9 /* LaunchScreen.storyboard in Resources */,
				D200C9951F25FECD0097F0A9 /* Assets.xcassets in Resources */,
				D200C9931F25FECD0097F0A9 /* Main.storyboard in Resources */,
			);
			runOnlyForDeploymentPostprocessing = 0;
		};
/* End PBXResourcesBuildPhase section */

/* Begin PBXShellScriptBuildPhase section */
		345B2B4636794E190BA3C2A9 /* [CP] Embed Pods Frameworks */ = {
			isa = PBXShellScriptBuildPhase;
			buildActionMask = 2147483647;
			files = (
			);
			inputPaths = (
			);
			name = "[CP] Embed Pods Frameworks";
			outputPaths = (
			);
			runOnlyForDeploymentPostprocessing = 0;
			shellPath = /bin/sh;
			shellScript = "\"${SRCROOT}/Pods/Target Support Files/Pods-miniTopgun/Pods-miniTopgun-frameworks.sh\"\n";
			showEnvVarsInLog = 0;
		};
		9116510929CA5006E3E90DF3 /* [CP] Copy Pods Resources */ = {
			isa = PBXShellScriptBuildPhase;
			buildActionMask = 2147483647;
			files = (
			);
			inputPaths = (
			);
			name = "[CP] Copy Pods Resources";
			outputPaths = (
			);
			runOnlyForDeploymentPostprocessing = 0;
			shellPath = /bin/sh;
			shellScript = "\"${SRCROOT}/Pods/Target Support Files/Pods-miniTopgun/Pods-miniTopgun-resources.sh\"\n";
			showEnvVarsInLog = 0;
		};
		B4C433959A7568A272D105A2 /* [CP] Check Pods Manifest.lock */ = {
			isa = PBXShellScriptBuildPhase;
			buildActionMask = 2147483647;
			files = (
			);
			inputPaths = (
			);
			name = "[CP] Check Pods Manifest.lock";
			outputPaths = (
			);
			runOnlyForDeploymentPostprocessing = 0;
			shellPath = /bin/sh;
			shellScript = "diff \"${PODS_ROOT}/../Podfile.lock\" \"${PODS_ROOT}/Manifest.lock\" > /dev/null\nif [[ $? != 0 ]] ; then\n    cat << EOM\nerror: The sandbox is not in sync with the Podfile.lock. Run 'pod install' or update your CocoaPods installation.\nEOM\n    exit 1\nfi\n";
			showEnvVarsInLog = 0;
		};
/* End PBXShellScriptBuildPhase section */

/* Begin PBXSourcesBuildPhase section */
		D200C9861F25FECD0097F0A9 /* Sources */ = {
			isa = PBXSourcesBuildPhase;
			buildActionMask = 2147483647;
			files = (
				D200C9C81F260A8E0097F0A9 /* SkillOtherWorker.swift in Sources */,
				D200C9901F25FECD0097F0A9 /* ViewController.swift in Sources */,
				A90E42341F2657CE00D99426 /* ShowSkillOtherWorker.swift in Sources */,
				D200C9C11F260A8E0097F0A9 /* SkillOtherBase.swift in Sources */,
				A94D4EBC1F263B0500807A58 /* AlamofireRouterPath.swift in Sources */,
				A94D4EB61F263A7A00807A58 /* AlamofireRounterMethod.swift in Sources */,
				D200C9C41F260A8E0097F0A9 /* SkillOtherModels.swift in Sources */,
				A90E422F1F2657CE00D99426 /* ShowSkillOtherInteractor.swift in Sources */,
				A94D4EB41F26373100807A58 /* AlamofireRouter.swift in Sources */,
				A90E42301F2657CE00D99426 /* ShowSkillOtherModels.swift in Sources */,
				A90E42261F264D9A00D99426 /* ReuseIdentifierProtocol.swift in Sources */,
				A90E42311F2657CE00D99426 /* ShowSkillOtherPresenter.swift in Sources */,
				A94D4EB81F263A9100807A58 /* AlamofireRounterParameter.swift in Sources */,
				D200C9C71F260A8E0097F0A9 /* SkillOtherViewController.swift in Sources */,
				A90E42321F2657CE00D99426 /* ShowSkillOtherRouter.swift in Sources */,
				D200C9C61F260A8E0097F0A9 /* SkillOtherRouter.swift in Sources */,
				D200C9C31F260A8E0097F0A9 /* SkillOtherInteractor.swift in Sources */,
				D200C9C21F260A8E0097F0A9 /* SkillOtherData.swift in Sources */,
				D200C9C51F260A8E0097F0A9 /* SkillOtherPresenter.swift in Sources */,
				D200C98E1F25FECD0097F0A9 /* AppDelegate.swift in Sources */,
				A94D4EBA1F263AAB00807A58 /* AlamofireRouterURLRequest.swift in Sources */,
				A90E42331F2657CE00D99426 /* ShowSkillOtherViewController.swift in Sources */,
				A90E42241F264C1300D99426 /* SkillOtherCell.swift in Sources */,
			);
			runOnlyForDeploymentPostprocessing = 0;
		};
/* End PBXSourcesBuildPhase section */

/* Begin PBXVariantGroup section */
		D200C9911F25FECD0097F0A9 /* Main.storyboard */ = {
			isa = PBXVariantGroup;
			children = (
				D200C9921F25FECD0097F0A9 /* Base */,
			);
			name = Main.storyboard;
			sourceTree = "<group>";
		};
		D200C9961F25FECD0097F0A9 /* LaunchScreen.storyboard */ = {
			isa = PBXVariantGroup;
			children = (
				D200C9971F25FECD0097F0A9 /* Base */,
			);
			name = LaunchScreen.storyboard;
			sourceTree = "<group>";
		};
/* End PBXVariantGroup section */

/* Begin XCBuildConfiguration section */
		D200C99A1F25FECD0097F0A9 /* Debug */ = {
			isa = XCBuildConfiguration;
			buildSettings = {
				ALWAYS_SEARCH_USER_PATHS = NO;
				CLANG_ANALYZER_NONNULL = YES;
				CLANG_ANALYZER_NUMBER_OBJECT_CONVERSION = YES_AGGRESSIVE;
				CLANG_CXX_LANGUAGE_STANDARD = "gnu++0x";
				CLANG_CXX_LIBRARY = "libc++";
				CLANG_ENABLE_MODULES = YES;
				CLANG_ENABLE_OBJC_ARC = YES;
				CLANG_WARN_BOOL_CONVERSION = YES;
				CLANG_WARN_CONSTANT_CONVERSION = YES;
				CLANG_WARN_DIRECT_OBJC_ISA_USAGE = YES_ERROR;
				CLANG_WARN_DOCUMENTATION_COMMENTS = YES;
				CLANG_WARN_EMPTY_BODY = YES;
				CLANG_WARN_ENUM_CONVERSION = YES;
				CLANG_WARN_INFINITE_RECURSION = YES;
				CLANG_WARN_INT_CONVERSION = YES;
				CLANG_WARN_OBJC_ROOT_CLASS = YES_ERROR;
				CLANG_WARN_SUSPICIOUS_MOVE = YES;
				CLANG_WARN_UNREACHABLE_CODE = YES;
				CLANG_WARN__DUPLICATE_METHOD_MATCH = YES;
				"CODE_SIGN_IDENTITY[sdk=iphoneos*]" = "iPhone Developer";
				COPY_PHASE_STRIP = NO;
				DEBUG_INFORMATION_FORMAT = dwarf;
				ENABLE_STRICT_OBJC_MSGSEND = YES;
				ENABLE_TESTABILITY = YES;
				GCC_C_LANGUAGE_STANDARD = gnu99;
				GCC_DYNAMIC_NO_PIC = NO;
				GCC_NO_COMMON_BLOCKS = YES;
				GCC_OPTIMIZATION_LEVEL = 0;
				GCC_PREPROCESSOR_DEFINITIONS = (
					"DEBUG=1",
					"$(inherited)",
				);
				GCC_WARN_64_TO_32_BIT_CONVERSION = YES;
				GCC_WARN_ABOUT_RETURN_TYPE = YES_ERROR;
				GCC_WARN_UNDECLARED_SELECTOR = YES;
				GCC_WARN_UNINITIALIZED_AUTOS = YES_AGGRESSIVE;
				GCC_WARN_UNUSED_FUNCTION = YES;
				GCC_WARN_UNUSED_VARIABLE = YES;
				IPHONEOS_DEPLOYMENT_TARGET = 10.3;
				MTL_ENABLE_DEBUG_INFO = YES;
				ONLY_ACTIVE_ARCH = YES;
				SDKROOT = iphoneos;
				SWIFT_ACTIVE_COMPILATION_CONDITIONS = DEBUG;
				SWIFT_OPTIMIZATION_LEVEL = "-Onone";
				TARGETED_DEVICE_FAMILY = "1,2";
			};
			name = Debug;
		};
		D200C99B1F25FECD0097F0A9 /* Release */ = {
			isa = XCBuildConfiguration;
			buildSettings = {
				ALWAYS_SEARCH_USER_PATHS = NO;
				CLANG_ANALYZER_NONNULL = YES;
				CLANG_ANALYZER_NUMBER_OBJECT_CONVERSION = YES_AGGRESSIVE;
				CLANG_CXX_LANGUAGE_STANDARD = "gnu++0x";
				CLANG_CXX_LIBRARY = "libc++";
				CLANG_ENABLE_MODULES = YES;
				CLANG_ENABLE_OBJC_ARC = YES;
				CLANG_WARN_BOOL_CONVERSION = YES;
				CLANG_WARN_CONSTANT_CONVERSION = YES;
				CLANG_WARN_DIRECT_OBJC_ISA_USAGE = YES_ERROR;
				CLANG_WARN_DOCUMENTATION_COMMENTS = YES;
				CLANG_WARN_EMPTY_BODY = YES;
				CLANG_WARN_ENUM_CONVERSION = YES;
				CLANG_WARN_INFINITE_RECURSION = YES;
				CLANG_WARN_INT_CONVERSION = YES;
				CLANG_WARN_OBJC_ROOT_CLASS = YES_ERROR;
				CLANG_WARN_SUSPICIOUS_MOVE = YES;
				CLANG_WARN_UNREACHABLE_CODE = YES;
				CLANG_WARN__DUPLICATE_METHOD_MATCH = YES;
				"CODE_SIGN_IDENTITY[sdk=iphoneos*]" = "iPhone Developer";
				COPY_PHASE_STRIP = NO;
				DEBUG_INFORMATION_FORMAT = "dwarf-with-dsym";
				ENABLE_NS_ASSERTIONS = NO;
				ENABLE_STRICT_OBJC_MSGSEND = YES;
				GCC_C_LANGUAGE_STANDARD = gnu99;
				GCC_NO_COMMON_BLOCKS = YES;
				GCC_WARN_64_TO_32_BIT_CONVERSION = YES;
				GCC_WARN_ABOUT_RETURN_TYPE = YES_ERROR;
				GCC_WARN_UNDECLARED_SELECTOR = YES;
				GCC_WARN_UNINITIALIZED_AUTOS = YES_AGGRESSIVE;
				GCC_WARN_UNUSED_FUNCTION = YES;
				GCC_WARN_UNUSED_VARIABLE = YES;
				IPHONEOS_DEPLOYMENT_TARGET = 10.3;
				MTL_ENABLE_DEBUG_INFO = NO;
				SDKROOT = iphoneos;
				SWIFT_OPTIMIZATION_LEVEL = "-Owholemodule";
				TARGETED_DEVICE_FAMILY = "1,2";
				VALIDATE_PRODUCT = YES;
			};
			name = Release;
		};
		D200C99D1F25FECD0097F0A9 /* Debug */ = {
			isa = XCBuildConfiguration;
			baseConfigurationReference = 7FF46C21D1629536F06B74E6 /* Pods-miniTopgun.debug.xcconfig */;
			buildSettings = {
				ASSETCATALOG_COMPILER_APPICON_NAME = AppIcon;
				INFOPLIST_FILE = miniTopgun/Info.plist;
				LD_RUNPATH_SEARCH_PATHS = "$(inherited) @executable_path/Frameworks";
				PRODUCT_BUNDLE_IDENTIFIER = com.codemobiles.cmtest.miniTopgun;
				PRODUCT_NAME = "$(TARGET_NAME)";
				SWIFT_VERSION = 3.0;
			};
			name = Debug;
		};
		D200C99E1F25FECD0097F0A9 /* Release */ = {
			isa = XCBuildConfiguration;
			baseConfigurationReference = 03D2263F695C14459C00B5A3 /* Pods-miniTopgun.release.xcconfig */;
			buildSettings = {
				ASSETCATALOG_COMPILER_APPICON_NAME = AppIcon;
				INFOPLIST_FILE = miniTopgun/Info.plist;
				LD_RUNPATH_SEARCH_PATHS = "$(inherited) @executable_path/Frameworks";
				PRODUCT_BUNDLE_IDENTIFIER = com.codemobiles.cmtest.miniTopgun;
				PRODUCT_NAME = "$(TARGET_NAME)";
				SWIFT_VERSION = 3.0;
			};
			name = Release;
		};
/* End XCBuildConfiguration section */

/* Begin XCConfigurationList section */
		D200C9851F25FECD0097F0A9 /* Build configuration list for PBXProject "miniTopgun" */ = {
			isa = XCConfigurationList;
			buildConfigurations = (
				D200C99A1F25FECD0097F0A9 /* Debug */,
				D200C99B1F25FECD0097F0A9 /* Release */,
			);
			defaultConfigurationIsVisible = 0;
			defaultConfigurationName = Release;
		};
		D200C99C1F25FECD0097F0A9 /* Build configuration list for PBXNativeTarget "miniTopgun" */ = {
			isa = XCConfigurationList;
			buildConfigurations = (
				D200C99D1F25FECD0097F0A9 /* Debug */,
				D200C99E1F25FECD0097F0A9 /* Release */,
			);
			defaultConfigurationIsVisible = 0;
			defaultConfigurationName = Release;
		};
/* End XCConfigurationList section */
	};
	rootObject = D200C9821F25FECD0097F0A9 /* Project object */;
}
